# Generated by pub
# See http://pub.dartlang.org/doc/glossary.html#lockfile
packages:
  json_object:
    description: json_object
    source: hosted
    version: "1.0.16"
  logging:
    description: logging
    source: hosted
    version: "0.6.19"
  meta:
    description: meta
    source: hosted
    version: "0.6.17+2"
  path:
    description: path
    source: hosted
    version: "0.6.17+2"
  stack_trace:
    description: stack_trace
    source: hosted
    version: "0.6.17+2"
  unittest:
    description: unittest
    source: hosted
    version: "0.6.17+2"
